
Microsoft Visual Studio Solution File, Format Version 12.00
# Visual Studio Version 17
VisualStudioVersion = 17.10.34928.147
MinimumVisualStudioVersion = 10.0.40219.1
Project("{FAE04EC0-301F-11D3-BF4B-00C04F79EFBC}") = "ZangelGameSyncServer", "ZangelGameSyncServer.csproj", "{216140FA-316C-4389-8DD4-8CA5D2956DA4}"
EndProject
Global
	GlobalSection(SolutionConfigurationPlatforms) = preSolution
		Debug|Any CPU = Debug|Any CPU
		Release|Any CPU = Release|Any CPU
	EndGlobalSection
	GlobalSection(ProjectConfigurationPlatforms) = postSolution
		{216140FA-316C-4389-8DD4-8CA5D2956DA4}.Debug|Any CPU.ActiveCfg = Debug|Any CPU
		{216140FA-316C-4389-8DD4-8CA5D2956DA4}.Debug|Any CPU.Build.0 = Debug|Any CPU
		{216140FA-316C-4389-8DD4-8CA5D2956DA4}.Release|Any CPU.ActiveCfg = Release|Any CPU
		{216140FA-316C-4389-8DD4-8CA5D2956DA4}.Release|Any CPU.Build.0 = Release|Any CPU
	EndGlobalSection
	GlobalSection(SolutionProperties) = preSolution
		HideSolutionNode = FALSE
	EndGlobalSection
	GlobalSection(ExtensibilityGlobals) = postSolution
		SolutionGuid = {8588997E-381D-4490-B1CC-4CDFB27C49CD}
	EndGlobalSection
EndGlobal
